{"format_version":"1.0","provider_schemas":{"registry.terraform.io/hashicorp-dev-advocates/waypoint":{"provider":{"version":0,"block":{"attributes":{"token":{"type":"string","description":"Waypoint token to authenticate to Waypoint server","description_kind":"plain","optional":true},"waypoint_addr":{"type":"string","description":"Waypoint server address","description_kind":"plain","optional":true}},"description_kind":"plain"}},"resource_schemas":{"waypoint_auth_method_oidc":{"version":0,"block":{"attributes":{"accessor_selector":{"type":"string","description_kind":"plain","optional":true},"allowed_redirect_urls":{"type":["list","string"],"description":"Allowed URI for auth redirection.","description_kind":"plain","required":true},"auds":{"type":["list","string"],"description":"The optional audience claims required","description_kind":"plain","optional":true},"claim_mappings":{"type":["map","string"],"description":"Mapping of a claim to a variable value for the access selector","description_kind":"plain","optional":true},"client_id":{"type":"string","description":"Client ID of OIDC provider","description_kind":"plain","required":true},"client_secret":{"type":"string","description":"client secret for OIDC provider","description_kind":"plain","optional":true,"sensitive":true},"description":{"type":"string","description":"Description of auth method","description_kind":"plain","optional":true},"discovery_ca_pem":{"type":["list","string"],"description":"Optional CA certificate chain to validate the discovery URL. Multiple CA certificates can be specified to support easier rotation","description_kind":"plain","optional":true},"discovery_url":{"type":"string","description":"Discovery URL for OIDC provider","description_kind":"plain","required":true},"display_name":{"type":"string","description":"Friendly display name of OIDC auth method","description_kind":"plain","optional":true},"id":{"type":"string","description_kind":"plain","optional":true,"computed":true},"list_claim_mappings":{"type":["map","string"],"description":"Same as claim-mapping but for list values","description_kind":"plain","optional":true},"name":{"type":"string","description":"name of OIDC auth method","description_kind":"plain","required":true},"scopes":{"type":["list","string"],"description":"The optional claims scope requested.","description_kind":"plain","optional":true},"signing_algs":{"type":["list","string"],"description":"The signing algorithms supported by the OIDC connect server. If this isn't specified, this will default to RS256 since that should be supported according to the RFC. The string values here should be valid OIDC signing algorithms","description_kind":"plain","optional":true}},"description":"Auth method OIDC resource manages OIDC auth methods in Waypoint.","description_kind":"plain"}},"waypoint_project":{"version":0,"block":{"attributes":{"app_status_poll_seconds":{"type":"number","description":"Application status poll interval in seconds","description_kind":"plain","optional":true},"id":{"type":"string","description_kind":"plain","optional":true,"computed":true},"project_name":{"type":"string","description":"The name of the Waypoint project","description_kind":"plain","required":true},"project_variables":{"type":["map","string"],"description":"List of variables in Key/value pairs associated with the Waypoint Project","description_kind":"plain","optional":true},"remote_runners_enabled":{"type":"bool","description":"Enable remote runners for project","description_kind":"plain","optional":true}},"block_types":{"data_source_git":{"nesting_mode":"list","block":{"attributes":{"file_change_signal":{"type":"string","description":"Indicates signal to be sent to any applications when their config files change.","description_kind":"plain","optional":true},"git_path":{"type":"string","description":"Path in git repository when waypoint.hcl file is stored in a sub-directory","description_kind":"plain","optional":true},"git_poll_interval_seconds":{"type":"number","description":"Interval at which Waypoint should poll git repository for changes","description_kind":"plain","optional":true},"git_ref":{"type":"string","description":"Git repository ref containing waypoint.hcl file","description_kind":"plain","optional":true},"git_url":{"type":"string","description":"Url of git repository storing the waypoint.hcl file","description_kind":"plain","optional":true},"ignore_changes_outside_path":{"type":"bool","description":"Whether Waypoint ignores changes outside path storing waypoint.hcl file","description_kind":"plain","optional":true}},"description":"Configuration of Git repository where waypoint.hcl file is stored","description_kind":"plain"},"min_items":1,"max_items":1},"git_auth_basic":{"nesting_mode":"list","block":{"attributes":{"password":{"type":"string","description":"Git password","description_kind":"plain","required":true,"sensitive":true},"username":{"type":"string","description":"Git username","description_kind":"plain","required":true}},"description":"Basic authentication details for Git consisting of `username` and `password`","description_kind":"plain"},"max_items":1},"git_auth_ssh":{"nesting_mode":"list","block":{"attributes":{"git_user":{"type":"string","description":"Git user associated with private key","description_kind":"plain","optional":true},"passphrase":{"type":"string","description":"Passphrase to use with private key","description_kind":"plain","optional":true,"sensitive":true},"ssh_private_key":{"type":"string","description":"Private key to authenticate to Git","description_kind":"plain","required":true,"sensitive":true}},"description":"SSH authentication details for Git","description_kind":"plain"},"max_items":1}},"description":"Project resource in the Waypoint Terraform provider.","description_kind":"plain"}},"waypoint_runner_profile":{"version":0,"block":{"attributes":{"default":{"type":"bool","description":"Indicates if this runner profile is the default for any new projects","description_kind":"plain","optional":true},"environment_variables":{"type":["map","string"],"description":"Any env vars that should be exposed to the on demand runner.","description_kind":"plain","optional":true},"id":{"type":"string","description":"Computed ID of runner profile.","description_kind":"plain","computed":true},"oci_url":{"type":"string","description":"oci_url is the OCI image that will be used to boot the on demand runner.","description_kind":"plain","optional":true},"plugin_config":{"type":"string","description":"plugin config is the configuration for the plugin that is created. It is usually HCL and is decoded like the other plugins, and is plugin specific.","description_kind":"plain","optional":true},"plugin_config_format":{"type":"number","description":"config format specifies the format of plugin_config.","description_kind":"plain","optional":true},"plugin_type":{"type":"string","description":"Plugin type for runner i.e docker / kubernetes / aws-ecs.","description_kind":"plain","optional":true},"profile_name":{"type":"string","description":"The name of the runner profile","description_kind":"plain","required":true},"target_runner_id":{"type":"string","description":"The ID of the target runner for this profile.","description_kind":"plain","optional":true},"target_runner_labels":{"type":["map","string"],"description":"A map of labels on target runners","description_kind":"plain","optional":true}},"description":"Runner profile resource to configure Waypoint runners.","description_kind":"plain"}}},"data_source_schemas":{"waypoint_project":{"version":0,"block":{"attributes":{"app_status_poll_seconds":{"type":"number","description":"Application status poll interval in seconds","description_kind":"plain","computed":true},"applications":{"type":["list",["object",{"name":"string"}]],"description":"Applications associated with the Waypoint project","description_kind":"plain","computed":true},"data_source_git":{"type":["list",["object",{"file_change_signal":"string","git_path":"string","git_poll_interval_seconds":"number","git_ref":"string","git_url":"string","ignore_changes_outside_path":"bool"}]],"description":"Configuration of Git repository where waypoint.hcl file is stored","description_kind":"plain","computed":true},"git_auth_basic":{"type":["list",["object",{"password":"string","username":"string"}]],"description":"Basic authentication details for Git","description_kind":"plain","computed":true,"sensitive":true},"git_auth_ssh":{"type":["list",["object",{"git_user":"string","passphrase":"string","ssh_private_key":"string"}]],"description":"SSH authentication details for Git","description_kind":"plain","computed":true,"sensitive":true},"id":{"type":"string","description_kind":"plain","optional":true,"computed":true},"project_name":{"type":"string","description":"The name of the Waypoint project","description_kind":"plain","required":true},"project_variables":{"type":["list",["object",{"name":"string","value":"string"}]],"description":"List of variables in Key/value pairs associated with the Waypoint Project","description_kind":"plain","computed":true},"remote_runners_enabled":{"type":"bool","description":"Remote runners enabled for the project","description_kind":"plain","computed":true}},"description":"A data source to read project configuration","description_kind":"plain"}},"waypoint_runner_profile":{"version":0,"block":{"attributes":{"default":{"type":"bool","description":"Indicates if this runner profile is the default for any new projects","description_kind":"plain","computed":true},"environment_variables":{"type":["map","string"],"description":"Any env vars that should be exposed to the on demand runner.","description_kind":"plain","computed":true},"id":{"type":"string","description":"Computed ID of runner profile.","description_kind":"plain","required":true},"oci_url":{"type":"string","description":"oci_url is the OCI image that will be used to boot the on demand runner.","description_kind":"plain","computed":true},"plugin_config":{"type":"string","description":"plugin config is the configuration for the plugin that is created. It is usually HCL and is decoded like the other plugins, and is plugin specific.","description_kind":"plain","computed":true},"plugin_config_format":{"type":"number","description":"config format specifies the format of plugin_config.","description_kind":"plain","computed":true},"plugin_type":{"type":"string","description":"Plugin type for runner i.e docker / kubernetes / aws-ecs.","description_kind":"plain","computed":true},"profile_name":{"type":"string","description":"The name of the runner profile","description_kind":"plain","computed":true},"target_runner_id":{"type":"string","description":"The ID of the target runner for this profile.","description_kind":"plain","computed":true},"target_runner_labels":{"type":["map","string"],"description":"A map of labels on target runners","description_kind":"plain","computed":true}},"description":"A data source to read waypoint runner profiles","description_kind":"plain"}}}}}}
